
Microsoft Visual Studio Solution File, Format Version 12.00
# Visual Studio Version 17
VisualStudioVersion = 17.14.36301.6
MinimumVisualStudioVersion = 10.0.40219.1
Project("{FAE04EC0-301F-11D3-BF4B-00C04F79EFBC}") = "GptPawnDialogue", "GptPawnDialogue.csproj", "{051B4F8E-7DED-4CD0-ACFE-F58BB26640D5}"
EndProject
Global
	GlobalSection(SolutionConfigurationPlatforms) = preSolution
		Debug|Any CPU = Debug|Any CPU
		Release|Any CPU = Release|Any CPU
	EndGlobalSection
	GlobalSection(ProjectConfigurationPlatforms) = postSolution
		{051B4F8E-7DED-4CD0-ACFE-F58BB26640D5}.Debug|Any CPU.ActiveCfg = Debug|Any CPU
		{051B4F8E-7DED-4CD0-ACFE-F58BB26640D5}.Debug|Any CPU.Build.0 = Debug|Any CPU
		{051B4F8E-7DED-4CD0-ACFE-F58BB26640D5}.Release|Any CPU.ActiveCfg = Release|Any CPU
		{051B4F8E-7DED-4CD0-ACFE-F58BB26640D5}.Release|Any CPU.Build.0 = Release|Any CPU
	EndGlobalSection
	GlobalSection(SolutionProperties) = preSolution
		HideSolutionNode = FALSE
	EndGlobalSection
	GlobalSection(ExtensibilityGlobals) = postSolution
		SolutionGuid = {71D99270-BCB9-4CD9-B3DA-20F14A31BB82}
	EndGlobalSection
EndGlobal
